// !$*UTF8*$!
{
	archiveVersion = 1;
	classes = {
	};
	objectVersion = 55;
	objects = {

/* Begin PBXBuildFile section */
		39990DAD26EBB25300CE0945 /* TragerCareTakerApp.swift in Sources */ = {isa = PBXBuildFile; fileRef = 39990DAC26EBB25300CE0945 /* TragerCareTakerApp.swift */; };
		39990DAF26EBB25300CE0945 /* ContentView.swift in Sources */ = {isa = PBXBuildFile; fileRef = 39990DAE26EBB25300CE0945 /* ContentView.swift */; };
		39990DB126EBB25800CE0945 /* Assets.xcassets in Resources */ = {isa = PBXBuildFile; fileRef = 39990DB026EBB25800CE0945 /* Assets.xcassets */; };
		39990DB426EBB25800CE0945 /* Preview Assets.xcassets in Resources */ = {isa = PBXBuildFile; fileRef = 39990DB326EBB25800CE0945 /* Preview Assets.xcassets */; };
		39990DBB26EBB88100CE0945 /* BehaviorItemView.swift in Sources */ = {isa = PBXBuildFile; fileRef = 39990DBA26EBB88100CE0945 /* BehaviorItemView.swift */; };
		399F4BEA26FD709B00FC5164 /* behaviors.json in Resources */ = {isa = PBXBuildFile; fileRef = 399F4BE926FD709B00FC5164 /* behaviors.json */; };
		399F4BEE26FD74C500FC5164 /* HomeView.swift in Sources */ = {isa = PBXBuildFile; fileRef = 399F4BED26FD74C500FC5164 /* HomeView.swift */; };
		39BF0EB42702AF490009445F /* BehaviorsView.swift in Sources */ = {isa = PBXBuildFile; fileRef = 39BF0EB32702AF490009445F /* BehaviorsView.swift */; };
/* End PBXBuildFile section */

/* Begin PBXFileReference section */
		39990DA926EBB25300CE0945 /* TragerCareTaker.app */ = {isa = PBXFileReference; explicitFileType = wrapper.application; includeInIndex = 0; path = TragerCareTaker.app; sourceTree = BUILT_PRODUCTS_DIR; };
		39990DAC26EBB25300CE0945 /* TragerCareTakerApp.swift */ = {isa = PBXFileReference; lastKnownFileType = sourcecode.swift; path = TragerCareTakerApp.swift; sourceTree = "<group>"; };
		39990DAE26EBB25300CE0945 /* ContentView.swift */ = {isa = PBXFileReference; lastKnownFileType = sourcecode.swift; path = ContentView.swift; sourceTree = "<group>"; };
		39990DB026EBB25800CE0945 /* Assets.xcassets */ = {isa = PBXFileReference; lastKnownFileType = folder.assetcatalog; path = Assets.xcassets; sourceTree = "<group>"; };
		39990DB326EBB25800CE0945 /* Preview Assets.xcassets */ = {isa = PBXFileReference; lastKnownFileType = folder.assetcatalog; path = "Preview Assets.xcassets"; sourceTree = "<group>"; };
		39990DBA26EBB88100CE0945 /* BehaviorItemView.swift */ = {isa = PBXFileReference; lastKnownFileType = sourcecode.swift; path = BehaviorItemView.swift; sourceTree = "<group>"; };
		399F4BE926FD709B00FC5164 /* behaviors.json */ = {isa = PBXFileReference; fileEncoding = 4; lastKnownFileType = text.json; path = behaviors.json; sourceTree = "<group>"; };
		399F4BED26FD74C500FC5164 /* HomeView.swift */ = {isa = PBXFileReference; lastKnownFileType = sourcecode.swift; path = HomeView.swift; sourceTree = "<group>"; };
		39BF0EB32702AF490009445F /* BehaviorsView.swift */ = {isa = PBXFileReference; lastKnownFileType = sourcecode.swift; path = BehaviorsView.swift; sourceTree = "<group>"; };
/* End PBXFileReference section */

/* Begin PBXFrameworksBuildPhase section */
		39990DA626EBB25300CE0945 /* Frameworks */ = {
			isa = PBXFrameworksBuildPhase;
			buildActionMask = 2147483647;
			files = (
			);
			runOnlyForDeploymentPostprocessing = 0;
		};
/* End PBXFrameworksBuildPhase section */

/* Begin PBXGroup section */
		39990DA026EBB25300CE0945 = {
			isa = PBXGroup;
			children = (
				39990DAB26EBB25300CE0945 /* TragerCareTaker */,
				39990DAA26EBB25300CE0945 /* Products */,
			);
			sourceTree = "<group>";
		};
		39990DAA26EBB25300CE0945 /* Products */ = {
			isa = PBXGroup;
			children = (
				39990DA926EBB25300CE0945 /* TragerCareTaker.app */,
			);
			name = Products;
			sourceTree = "<group>";
		};
		39990DAB26EBB25300CE0945 /* TragerCareTaker */ = {
			isa = PBXGroup;
			children = (
				399F4BE926FD709B00FC5164 /* behaviors.json */,
				399F4BED26FD74C500FC5164 /* HomeView.swift */,
				39BF0EB32702AF490009445F /* BehaviorsView.swift */,
				39990DBA26EBB88100CE0945 /* BehaviorItemView.swift */,
				39990DAC26EBB25300CE0945 /* TragerCareTakerApp.swift */,
				39990DAE26EBB25300CE0945 /* ContentView.swift */,
				39990DB026EBB25800CE0945 /* Assets.xcassets */,
				39990DB226EBB25800CE0945 /* Preview Content */,
			);
			path = TragerCareTaker;
			sourceTree = "<group>";
		};
		39990DB226EBB25800CE0945 /* Preview Content */ = {
			isa = PBXGroup;
			children = (
				39990DB326EBB25800CE0945 /* Preview Assets.xcassets */,
			);
			path = "Preview Content";
			sourceTree = "<group>";
		};
/* End PBXGroup section */

/* Begin PBXNativeTarget section */
		39990DA826EBB25300CE0945 /* TragerCareTaker */ = {
			isa = PBXNativeTarget;
			buildConfigurationList = 39990DB726EBB25800CE0945 /* Build configuration list for PBXNativeTarget "TragerCareTaker" */;
			buildPhases = (
				39990DA526EBB25300CE0945 /* Sources */,
				39990DA626EBB25300CE0945 /* Frameworks */,
				39990DA726EBB25300CE0945 /* Resources */,
			);
			buildRules = (
			);
			dependencies = (
			);
			name = TragerCareTaker;
			productName = TragerCareTaker;
			productReference = 39990DA926EBB25300CE0945 /* TragerCareTaker.app */;
			productType = "com.apple.product-type.application";
		};
/* End PBXNativeTarget section */

/* Begin PBXProject section */
		39990DA126EBB25300CE0945 /* Project object */ = {
			isa = PBXProject;
			attributes = {
				BuildIndependentTargetsInParallel = 1;
				LastSwiftUpdateCheck = 1300;
				LastUpgradeCheck = 1300;
				TargetAttributes = {
					39990DA826EBB25300CE0945 = {
						CreatedOnToolsVersion = 13.0;
					};
				};
			};
			buildConfigurationList = 39990DA426EBB25300CE0945 /* Build configuration list for PBXProject "TragerCareTaker" */;
			compatibilityVersion = "Xcode 13.0";
			developmentRegion = en;
			hasScannedForEncodings = 0;
			knownRegions = (
				en,
				Base,
			);
			mainGroup = 39990DA026EBB25300CE0945;
			productRefGroup = 39990DAA26EBB25300CE0945 /* Products */;
			projectDirPath = "";
			projectRoot = "";
			targets = (
				39990DA826EBB25300CE0945 /* TragerCareTaker */,
			);
		};
/* End PBXProject section */

/* Begin PBXResourcesBuildPhase section */
		39990DA726EBB25300CE0945 /* Resources */ = {
			isa = PBXResourcesBuildPhase;
			buildActionMask = 2147483647;
			files = (
				399F4BEA26FD709B00FC5164 /* behaviors.json in Resources */,
				39990DB426EBB25800CE0945 /* Preview Assets.xcassets in Resources */,
				39990DB126EBB25800CE0945 /* Assets.xcassets in Resources */,
			);
			runOnlyForDeploymentPostprocessing = 0;
		};
/* End PBXResourcesBuildPhase section */

/* Begin PBXSourcesBuildPhase section */
		39990DA526EBB25300CE0945 /* Sources */ = {
			isa = PBXSourcesBuildPhase;
			buildActionMask = 2147483647;
			files = (
				39990DAF26EBB25300CE0945 /* ContentView.swift in Sources */,
				39990DBB26EBB88100CE0945 /* BehaviorItemView.swift in Sources */,
				399F4BEE26FD74C500FC5164 /* HomeView.swift in Sources */,
				39BF0EB42702AF490009445F /* BehaviorsView.swift in Sources */,
				39990DAD26EBB25300CE0945 /* TragerCareTakerApp.swift in Sources */,
			);
			runOnlyForDeploymentPostprocessing = 0;
		};
/* End PBXSourcesBuildPhase section */

/* Begin XCBuildConfiguration section */
		39990DB526EBB25800CE0945 /* Debug */ = {
			isa = XCBuildConfiguration;
			buildSettings = {
				ALWAYS_SEARCH_USER_PATHS = NO;
				CLANG_ANALYZER_NONNULL = YES;
				CLANG_ANALYZER_NUMBER_OBJECT_CONVERSION = YES_AGGRESSIVE;
				CLANG_CXX_LANGUAGE_STANDARD = "gnu++17";
				CLANG_CXX_LIBRARY = "libc++";
				CLANG_ENABLE_MODULES = YES;
				CLANG_ENABLE_OBJC_ARC = YES;
				CLANG_ENABLE_OBJC_WEAK = YES;
				CLANG_WARN_BLOCK_CAPTURE_AUTORELEASING = YES;
				CLANG_WARN_BOOL_CONVERSION = YES;
				CLANG_WARN_COMMA = YES;
				CLANG_WARN_CONSTANT_CONVERSION = YES;
				CLANG_WARN_DEPRECATED_OBJC_IMPLEMENTATIONS = YES;
				CLANG_WARN_DIRECT_OBJC_ISA_USAGE = YES_ERROR;
				CLANG_WARN_DOCUMENTATION_COMMENTS = YES;
				CLANG_WARN_EMPTY_BODY = YES;
				CLANG_WARN_ENUM_CONVERSION = YES;
				CLANG_WARN_INFINITE_RECURSION = YES;
				CLANG_WARN_INT_CONVERSION = YES;
				CLANG_WARN_NON_LITERAL_NULL_CONVERSION = YES;
				CLANG_WARN_OBJC_IMPLICIT_RETAIN_SELF = YES;
				CLANG_WARN_OBJC_LITERAL_CONVERSION = YES;
				CLANG_WARN_OBJC_ROOT_CLASS = YES_ERROR;
				CLANG_WARN_QUOTED_INCLUDE_IN_FRAMEWORK_HEADER = YES;
				CLANG_WARN_RANGE_LOOP_ANALYSIS = YES;
				CLANG_WARN_STRICT_PROTOTYPES = YES;
				CLANG_WARN_SUSPICIOUS_MOVE = YES;
				CLANG_WARN_UNGUARDED_AVAILABILITY = YES_AGGRESSIVE;
				CLANG_WARN_UNREACHABLE_CODE = YES;
				CLANG_WARN__DUPLICATE_METHOD_MATCH = YES;
				COPY_PHASE_STRIP = NO;
				DEBUG_INFORMATION_FORMAT = dwarf;
				ENABLE_STRICT_OBJC_MSGSEND = YES;
				ENABLE_TESTABILITY = YES;
				GCC_C_LANGUAGE_STANDARD = gnu11;
				GCC_DYNAMIC_NO_PIC = NO;
				GCC_NO_COMMON_BLOCKS = YES;
				GCC_OPTIMIZATION_LEVEL = 0;
				GCC_PREPROCESSOR_DEFINITIONS = (
					"DEBUG=1",
					"$(inherited)",
				);
				GCC_WARN_64_TO_32_BIT_CONVERSION = YES;
				GCC_WARN_ABOUT_RETURN_TYPE = YES_ERROR;
				GCC_WARN_UNDECLARED_SELECTOR = YES;
				GCC_WARN_UNINITIALIZED_AUTOS = YES_AGGRESSIVE;
				GCC_WARN_UNUSED_FUNCTION = YES;
				GCC_WARN_UNUSED_VARIABLE = YES;
				IPHONEOS_DEPLOYMENT_TARGET = 15.0;
				MTL_ENABLE_DEBUG_INFO = INCLUDE_SOURCE;
				MTL_FAST_MATH = YES;
				ONLY_ACTIVE_ARCH = YES;
				SDKROOT = iphoneos;
				SWIFT_ACTIVE_COMPILATION_CONDITIONS = DEBUG;
				SWIFT_OPTIMIZATION_LEVEL = "-Onone";
			};
			name = Debug;
		};
		39990DB626EBB25800CE0945 /* Release */ = {
			isa = XCBuildConfiguration;
			buildSettings = {
				ALWAYS_SEARCH_USER_PATHS = NO;
				CLANG_ANALYZER_NONNULL = YES;
				CLANG_ANALYZER_NUMBER_OBJECT_CONVERSION = YES_AGGRESSIVE;
				CLANG_CXX_LANGUAGE_STANDARD = "gnu++17";
				CLANG_CXX_LIBRARY = "libc++";
				CLANG_ENABLE_MODULES = YES;
				CLANG_ENABLE_OBJC_ARC = YES;
				CLANG_ENABLE_OBJC_WEAK = YES;
				CLANG_WARN_BLOCK_CAPTURE_AUTORELEASING = YES;
				CLANG_WARN_BOOL_CONVERSION = YES;
				CLANG_WARN_COMMA = YES;
				CLANG_WARN_CONSTANT_CONVERSION = YES;
				CLANG_WARN_DEPRECATED_OBJC_IMPLEMENTATIONS = YES;
				CLANG_WARN_DIRECT_OBJC_ISA_USAGE = YES_ERROR;
				CLANG_WARN_DOCUMENTATION_COMMENTS = YES;
				CLANG_WARN_EMPTY_BODY = YES;
				CLANG_WARN_ENUM_CONVERSION = YES;
				CLANG_WARN_INFINITE_RECURSION = YES;
				CLANG_WARN_INT_CONVERSION = YES;
				CLANG_WARN_NON_LITERAL_NULL_CONVERSION = YES;
				CLANG_WARN_OBJC_IMPLICIT_RETAIN_SELF = YES;
				CLANG_WARN_OBJC_LITERAL_CONVERSION = YES;
				CLANG_WARN_OBJC_ROOT_CLASS = YES_ERROR;
				CLANG_WARN_QUOTED_INCLUDE_IN_FRAMEWORK_HEADER = YES;
				CLANG_WARN_RANGE_LOOP_ANALYSIS = YES;
				CLANG_WARN_STRICT_PROTOTYPES = YES;
				CLANG_WARN_SUSPICIOUS_MOVE = YES;
				CLANG_WARN_UNGUARDED_AVAILABILITY = YES_AGGRESSIVE;
				CLANG_WARN_UNREACHABLE_CODE = YES;
				CLANG_WARN__DUPLICATE_METHOD_MATCH = YES;
				COPY_PHASE_STRIP = NO;
				DEBUG_INFORMATION_FORMAT = "dwarf-with-dsym";
				ENABLE_NS_ASSERTIONS = NO;
				ENABLE_STRICT_OBJC_MSGSEND = YES;
				GCC_C_LANGUAGE_STANDARD = gnu11;
				GCC_NO_COMMON_BLOCKS = YES;
				GCC_WARN_64_TO_32_BIT_CONVERSION = YES;
				GCC_WARN_ABOUT_RETURN_TYPE = YES_ERROR;
				GCC_WARN_UNDECLARED_SELECTOR = YES;
				GCC_WARN_UNINITIALIZED_AUTOS = YES_AGGRESSIVE;
				GCC_WARN_UNUSED_FUNCTION = YES;
				GCC_WARN_UNUSED_VARIABLE = YES;
				IPHONEOS_DEPLOYMENT_TARGET = 15.0;
				MTL_ENABLE_DEBUG_INFO = NO;
				MTL_FAST_MATH = YES;
				SDKROOT = iphoneos;
				SWIFT_COMPILATION_MODE = wholemodule;
				SWIFT_OPTIMIZATION_LEVEL = "-O";
				VALIDATE_PRODUCT = YES;
			};
			name = Release;
		};
		39990DB826EBB25800CE0945 /* Debug */ = {
			isa = XCBuildConfiguration;
			buildSettings = {
				ASSETCATALOG_COMPILER_APPICON_NAME = AppIcon;
				ASSETCATALOG_COMPILER_GLOBAL_ACCENT_COLOR_NAME = AccentColor;
				CODE_SIGN_STYLE = Automatic;
				CURRENT_PROJECT_VERSION = 1;
				DEVELOPMENT_ASSET_PATHS = "\"TragerCareTaker/Preview Content\"";
				DEVELOPMENT_TEAM = AQTMQMR4G7;
				ENABLE_PREVIEWS = YES;
				GENERATE_INFOPLIST_FILE = YES;
				INFOPLIST_KEY_UIApplicationSceneManifest_Generation = YES;
				INFOPLIST_KEY_UIApplicationSupportsIndirectInputEvents = YES;
				INFOPLIST_KEY_UILaunchScreen_Generation = YES;
				INFOPLIST_KEY_UISupportedInterfaceOrientations_iPad = "UIInterfaceOrientationPortrait UIInterfaceOrientationPortraitUpsideDown UIInterfaceOrientationLandscapeLeft UIInterfaceOrientationLandscapeRight";
				INFOPLIST_KEY_UISupportedInterfaceOrientations_iPhone = "UIInterfaceOrientationPortrait UIInterfaceOrientationLandscapeLeft UIInterfaceOrientationLandscapeRight";
				IPHONEOS_DEPLOYMENT_TARGET = 14.0;
				LD_RUNPATH_SEARCH_PATHS = (
					"$(inherited)",
					"@executable_path/Frameworks",
				);
				MARKETING_VERSION = 1.0;
				PRODUCT_BUNDLE_IDENTIFIER = com.Capstone.TragerCareTaker;
				PRODUCT_NAME = "$(TARGET_NAME)";
				SWIFT_EMIT_LOC_STRINGS = YES;
				SWIFT_VERSION = 5.0;
				TARGETED_DEVICE_FAMILY = "1,2";
			};
			name = Debug;
		};
		39990DB926EBB25800CE0945 /* Release */ = {
			isa = XCBuildConfiguration;
			buildSettings = {
				ASSETCATALOG_COMPILER_APPICON_NAME = AppIcon;
				ASSETCATALOG_COMPILER_GLOBAL_ACCENT_COLOR_NAME = AccentColor;
				CODE_SIGN_STYLE = Automatic;
				CURRENT_PROJECT_VERSION = 1;
				DEVELOPMENT_ASSET_PATHS = "\"TragerCareTaker/Preview Content\"";
				DEVELOPMENT_TEAM = AQTMQMR4G7;
				ENABLE_PREVIEWS = YES;
				GENERATE_INFOPLIST_FILE = YES;
				INFOPLIST_KEY_UIApplicationSceneManifest_Generation = YES;
				INFOPLIST_KEY_UIApplicationSupportsIndirectInputEvents = YES;
				INFOPLIST_KEY_UILaunchScreen_Generation = YES;
				INFOPLIST_KEY_UISupportedInterfaceOrientations_iPad = "UIInterfaceOrientationPortrait UIInterfaceOrientationPortraitUpsideDown UIInterfaceOrientationLandscapeLeft UIInterfaceOrientationLandscapeRight";
				INFOPLIST_KEY_UISupportedInterfaceOrientations_iPhone = "UIInterfaceOrientationPortrait UIInterfaceOrientationLandscapeLeft UIInterfaceOrientationLandscapeRight";
				IPHONEOS_DEPLOYMENT_TARGET = 14.0;
				LD_RUNPATH_SEARCH_PATHS = (
					"$(inherited)",
					"@executable_path/Frameworks",
				);
				MARKETING_VERSION = 1.0;
				PRODUCT_BUNDLE_IDENTIFIER = com.Capstone.TragerCareTaker;
				PRODUCT_NAME = "$(TARGET_NAME)";
				SWIFT_EMIT_LOC_STRINGS = YES;
				SWIFT_VERSION = 5.0;
				TARGETED_DEVICE_FAMILY = "1,2";
			};
			name = Release;
		};
/* End XCBuildConfiguration section */

/* Begin XCConfigurationList section */
		39990DA426EBB25300CE0945 /* Build configuration list for PBXProject "TragerCareTaker" */ = {
			isa = XCConfigurationList;
			buildConfigurations = (
				39990DB526EBB25800CE0945 /* Debug */,
				39990DB626EBB25800CE0945 /* Release */,
			);
			defaultConfigurationIsVisible = 0;
			defaultConfigurationName = Release;
		};
		39990DB726EBB25800CE0945 /* Build configuration list for PBXNativeTarget "TragerCareTaker" */ = {
			isa = XCConfigurationList;
			buildConfigurations = (
				39990DB826EBB25800CE0945 /* Debug */,
				39990DB926EBB25800CE0945 /* Release */,
			);
			defaultConfigurationIsVisible = 0;
			defaultConfigurationName = Release;
		};
/* End XCConfigurationList section */
	};
	rootObject = 39990DA126EBB25300CE0945 /* Project object */;
}
